
Microsoft Visual Studio Solution File, Format Version 12.00
# Visual Studio 2013
VisualStudioVersion = 12.0.30723.0
MinimumVisualStudioVersion = 10.0.40219.1
Project("{FAE04EC0-301F-11D3-BF4B-00C04F79EFBC}") = "ezNReporting", "ezNReporting\ezNReporting.csproj", "{0F01D903-2D57-4F2C-9381-09A2268AC69B}"
EndProject
Project("{FAE04EC0-301F-11D3-BF4B-00C04F79EFBC}") = "ezNReporting.Web", "ezNReporting.Web\ezNReporting.Web.csproj", "{AF2F74D2-95AC-4714-8575-DDEE12544727}"
EndProject
Global
	GlobalSection(SolutionConfigurationPlatforms) = preSolution
		Debug|Any CPU = Debug|Any CPU
		Release|Any CPU = Release|Any CPU
	EndGlobalSection
	GlobalSection(ProjectConfigurationPlatforms) = postSolution
		{0F01D903-2D57-4F2C-9381-09A2268AC69B}.Debug|Any CPU.ActiveCfg = Debug|Any CPU
		{0F01D903-2D57-4F2C-9381-09A2268AC69B}.Debug|Any CPU.Build.0 = Debug|Any CPU
		{0F01D903-2D57-4F2C-9381-09A2268AC69B}.Release|Any CPU.ActiveCfg = Release|Any CPU
		{0F01D903-2D57-4F2C-9381-09A2268AC69B}.Release|Any CPU.Build.0 = Release|Any CPU
		{AF2F74D2-95AC-4714-8575-DDEE12544727}.Debug|Any CPU.ActiveCfg = Debug|Any CPU
		{AF2F74D2-95AC-4714-8575-DDEE12544727}.Debug|Any CPU.Build.0 = Debug|Any CPU
		{AF2F74D2-95AC-4714-8575-DDEE12544727}.Release|Any CPU.ActiveCfg = Release|Any CPU
		{AF2F74D2-95AC-4714-8575-DDEE12544727}.Release|Any CPU.Build.0 = Release|Any CPU
	EndGlobalSection
	GlobalSection(SolutionProperties) = preSolution
		HideSolutionNode = FALSE
	EndGlobalSection
EndGlobal
